
Microsoft Visual Studio Solution File, Format Version 12.00
# Visual Studio Version 17
VisualStudioVersion = 17.3.32825.248
MinimumVisualStudioVersion = 10.0.40219.1
Project("{FAE04EC0-301F-11D3-BF4B-00C04F79EFBC}") = "MvcModelValidationApp", "MvcModelValidationApp.csproj", "{66D80564-D6AE-4D27-836D-3A362617E26B}"
EndProject
Global
	GlobalSection(SolutionConfigurationPlatforms) = preSolution
		Debug|Any CPU = Debug|Any CPU
		Release|Any CPU = Release|Any CPU
	EndGlobalSection
	GlobalSection(ProjectConfigurationPlatforms) = postSolution
		{66D80564-D6AE-4D27-836D-3A362617E26B}.Debug|Any CPU.ActiveCfg = Debug|Any CPU
		{66D80564-D6AE-4D27-836D-3A362617E26B}.Debug|Any CPU.Build.0 = Debug|Any CPU
		{66D80564-D6AE-4D27-836D-3A362617E26B}.Release|Any CPU.ActiveCfg = Release|Any CPU
		{66D80564-D6AE-4D27-836D-3A362617E26B}.Release|Any CPU.Build.0 = Release|Any CPU
	EndGlobalSection
	GlobalSection(SolutionProperties) = preSolution
		HideSolutionNode = FALSE
	EndGlobalSection
	GlobalSection(ExtensibilityGlobals) = postSolution
		SolutionGuid = {22BBFAD1-FA41-4B00-A417-A850921A2BFF}
	EndGlobalSection
EndGlobal
